
Microsoft Visual Studio Solution File, Format Version 12.00
# Visual Studio Version 17
VisualStudioVersion = 17.1.32319.34
MinimumVisualStudioVersion = 10.0.40219.1
Project("{9A19103F-16F7-4668-BE54-9A1E7A4F7556}") = "CloneClownAPI", "CloneClownAPI.csproj", "{51670C33-1BE9-481B-B014-56E353223D61}"
EndProject
Global
	GlobalSection(SolutionConfigurationPlatforms) = preSolution
		Debug|Any CPU = Debug|Any CPU
		Release|Any CPU = Release|Any CPU
	EndGlobalSection
	GlobalSection(ProjectConfigurationPlatforms) = postSolution
		{51670C33-1BE9-481B-B014-56E353223D61}.Debug|Any CPU.ActiveCfg = Debug|Any CPU
		{51670C33-1BE9-481B-B014-56E353223D61}.Debug|Any CPU.Build.0 = Debug|Any CPU
		{51670C33-1BE9-481B-B014-56E353223D61}.Release|Any CPU.ActiveCfg = Release|Any CPU
		{51670C33-1BE9-481B-B014-56E353223D61}.Release|Any CPU.Build.0 = Release|Any CPU
	EndGlobalSection
	GlobalSection(SolutionProperties) = preSolution
		HideSolutionNode = FALSE
	EndGlobalSection
	GlobalSection(ExtensibilityGlobals) = postSolution
		SolutionGuid = {084FF793-736C-4C77-96F8-301DBAB27042}
	EndGlobalSection
EndGlobal
